
Microsoft Visual Studio Solution File, Format Version 12.00
# Visual Studio 15
VisualStudioVersion = 15.0.28010.2036
MinimumVisualStudioVersion = 10.0.40219.1
Project("{FAE04EC0-301F-11D3-BF4B-00C04F79EFBC}") = "Deputados.Android", "Deputados\Deputados.Android\Deputados.Android.csproj", "{8B50AA4C-21B1-4E7A-8108-FF47CA47FC10}"
EndProject
Project("{FAE04EC0-301F-11D3-BF4B-00C04F79EFBC}") = "Deputados.iOS", "Deputados\Deputados.iOS\Deputados.iOS.csproj", "{09A00F00-D81D-490A-ABF2-DA483A5A8890}"
EndProject
Project("{FAE04EC0-301F-11D3-BF4B-00C04F79EFBC}") = "Deputados.UWP", "Deputados\Deputados.UWP\Deputados.UWP.csproj", "{BD12A2DD-B923-44DE-B20F-194A42B5DFD0}"
EndProject
Project("{9A19103F-16F7-4668-BE54-9A1E7A4F7556}") = "Deputados", "Deputados\Deputados\Deputados.csproj", "{E64F4310-A729-436A-8894-8B332CA3DA09}"
EndProject
Global
	GlobalSection(SolutionConfigurationPlatforms) = preSolution
		Ad-Hoc|Any CPU = Ad-Hoc|Any CPU
		Ad-Hoc|ARM = Ad-Hoc|ARM
		Ad-Hoc|iPhone = Ad-Hoc|iPhone
		Ad-Hoc|iPhoneSimulator = Ad-Hoc|iPhoneSimulator
		Ad-Hoc|x64 = Ad-Hoc|x64
		Ad-Hoc|x86 = Ad-Hoc|x86
		AppStore|Any CPU = AppStore|Any CPU
		AppStore|ARM = AppStore|ARM
		AppStore|iPhone = AppStore|iPhone
		AppStore|iPhoneSimulator = AppStore|iPhoneSimulator
		AppStore|x64 = AppStore|x64
		AppStore|x86 = AppStore|x86
		Debug|Any CPU = Debug|Any CPU
		Debug|ARM = Debug|ARM
		Debug|iPhone = Debug|iPhone
		Debug|iPhoneSimulator = Debug|iPhoneSimulator
		Debug|x64 = Debug|x64
		Debug|x86 = Debug|x86
		Release|Any CPU = Release|Any CPU
		Release|ARM = Release|ARM
		Release|iPhone = Release|iPhone
		Release|iPhoneSimulator = Release|iPhoneSimulator
		Release|x64 = Release|x64
		Release|x86 = Release|x86
	EndGlobalSection
	GlobalSection(ProjectConfigurationPlatforms) = postSolution
		{8B50AA4C-21B1-4E7A-8108-FF47CA47FC10}.Ad-Hoc|Any CPU.ActiveCfg = Release|Any CPU
		{8B50AA4C-21B1-4E7A-8108-FF47CA47FC10}.Ad-Hoc|Any CPU.Build.0 = Release|Any CPU
		{8B50AA4C-21B1-4E7A-8108-FF47CA47FC10}.Ad-Hoc|Any CPU.Deploy.0 = Release|Any CPU
		{8B50AA4C-21B1-4E7A-8108-FF47CA47FC10}.Ad-Hoc|ARM.ActiveCfg = Release|Any CPU
		{8B50AA4C-21B1-4E7A-8108-FF47CA47FC10}.Ad-Hoc|ARM.Build.0 = Release|Any CPU
		{8B50AA4C-21B1-4E7A-8108-FF47CA47FC10}.Ad-Hoc|ARM.Deploy.0 = Release|Any CPU
		{8B50AA4C-21B1-4E7A-8108-FF47CA47FC10}.Ad-Hoc|iPhone.ActiveCfg = Release|Any CPU
		{8B50AA4C-21B1-4E7A-8108-FF47CA47FC10}.Ad-Hoc|iPhone.Build.0 = Release|Any CPU
		{8B50AA4C-21B1-4E7A-8108-FF47CA47FC10}.Ad-Hoc|iPhone.Deploy.0 = Release|Any CPU
		{8B50AA4C-21B1-4E7A-8108-FF47CA47FC10}.Ad-Hoc|iPhoneSimulator.ActiveCfg = Release|Any CPU
		{8B50AA4C-21B1-4E7A-8108-FF47CA47FC10}.Ad-Hoc|iPhoneSimulator.Build.0 = Release|Any CPU
		{8B50AA4C-21B1-4E7A-8108-FF47CA47FC10}.Ad-Hoc|iPhoneSimulator.Deploy.0 = Release|Any CPU
		{8B50AA4C-21B1-4E7A-8108-FF47CA47FC10}.Ad-Hoc|x64.ActiveCfg = Release|Any CPU
		{8B50AA4C-21B1-4E7A-8108-FF47CA47FC10}.Ad-Hoc|x64.Build.0 = Release|Any CPU
		{8B50AA4C-21B1-4E7A-8108-FF47CA47FC10}.Ad-Hoc|x64.Deploy.0 = Release|Any CPU
		{8B50AA4C-21B1-4E7A-8108-FF47CA47FC10}.Ad-Hoc|x86.ActiveCfg = Release|Any CPU
		{8B50AA4C-21B1-4E7A-8108-FF47CA47FC10}.Ad-Hoc|x86.Build.0 = Release|Any CPU
		{8B50AA4C-21B1-4E7A-8108-FF47CA47FC10}.Ad-Hoc|x86.Deploy.0 = Release|Any CPU
		{8B50AA4C-21B1-4E7A-8108-FF47CA47FC10}.AppStore|Any CPU.ActiveCfg = Release|Any CPU
		{8B50AA4C-21B1-4E7A-8108-FF47CA47FC10}.AppStore|Any CPU.Build.0 = Release|Any CPU
		{8B50AA4C-21B1-4E7A-8108-FF47CA47FC10}.AppStore|Any CPU.Deploy.0 = Release|Any CPU
		{8B50AA4C-21B1-4E7A-8108-FF47CA47FC10}.AppStore|ARM.ActiveCfg = Release|Any CPU
		{8B50AA4C-21B1-4E7A-8108-FF47CA47FC10}.AppStore|ARM.Build.0 = Release|Any CPU
		{8B50AA4C-21B1-4E7A-8108-FF47CA47FC10}.AppStore|ARM.Deploy.0 = Release|Any CPU
		{8B50AA4C-21B1-4E7A-8108-FF47CA47FC10}.AppStore|iPhone.ActiveCfg = Release|Any CPU
		{8B50AA4C-21B1-4E7A-8108-FF47CA47FC10}.AppStore|iPhone.Build.0 = Release|Any CPU
		{8B50AA4C-21B1-4E7A-8108-FF47CA47FC10}.AppStore|iPhone.Deploy.0 = Release|Any CPU
		{8B50AA4C-21B1-4E7A-8108-FF47CA47FC10}.AppStore|iPhoneSimulator.ActiveCfg = Release|Any CPU
		{8B50AA4C-21B1-4E7A-8108-FF47CA47FC10}.AppStore|iPhoneSimulator.Build.0 = Release|Any CPU
		{8B50AA4C-21B1-4E7A-8108-FF47CA47FC10}.AppStore|iPhoneSimulator.Deploy.0 = Release|Any CPU
		{8B50AA4C-21B1-4E7A-8108-FF47CA47FC10}.AppStore|x64.ActiveCfg = Release|Any CPU
		{8B50AA4C-21B1-4E7A-8108-FF47CA47FC10}.AppStore|x64.Build.0 = Release|Any CPU
		{8B50AA4C-21B1-4E7A-8108-FF47CA47FC10}.AppStore|x64.Deploy.0 = Release|Any CPU
		{8B50AA4C-21B1-4E7A-8108-FF47CA47FC10}.AppStore|x86.ActiveCfg = Release|Any CPU
		{8B50AA4C-21B1-4E7A-8108-FF47CA47FC10}.AppStore|x86.Build.0 = Release|Any CPU
		{8B50AA4C-21B1-4E7A-8108-FF47CA47FC10}.AppStore|x86.Deploy.0 = Release|Any CPU
		{8B50AA4C-21B1-4E7A-8108-FF47CA47FC10}.Debug|Any CPU.ActiveCfg = Debug|Any CPU
		{8B50AA4C-21B1-4E7A-8108-FF47CA47FC10}.Debug|Any CPU.Build.0 = Debug|Any CPU
		{8B50AA4C-21B1-4E7A-8108-FF47CA47FC10}.Debug|Any CPU.Deploy.0 = Debug|Any CPU
		{8B50AA4C-21B1-4E7A-8108-FF47CA47FC10}.Debug|ARM.ActiveCfg = Debug|Any CPU
		{8B50AA4C-21B1-4E7A-8108-FF47CA47FC10}.Debug|ARM.Build.0 = Debug|Any CPU
		{8B50AA4C-21B1-4E7A-8108-FF47CA47FC10}.Debug|ARM.Deploy.0 = Debug|Any CPU
		{8B50AA4C-21B1-4E7A-8108-FF47CA47FC10}.Debug|iPhone.ActiveCfg = Debug|Any CPU
		{8B50AA4C-21B1-4E7A-8108-FF47CA47FC10}.Debug|iPhone.Build.0 = Debug|Any CPU
		{8B50AA4C-21B1-4E7A-8108-FF47CA47FC10}.Debug|iPhone.Deploy.0 = Debug|Any CPU
		{8B50AA4C-21B1-4E7A-8108-FF47CA47FC10}.Debug|iPhoneSimulator.ActiveCfg = Debug|Any CPU
		{8B50AA4C-21B1-4E7A-8108-FF47CA47FC10}.Debug|iPhoneSimulator.Build.0 = Debug|Any CPU
		{8B50AA4C-21B1-4E7A-8108-FF47CA47FC10}.Debug|iPhoneSimulator.Deploy.0 = Debug|Any CPU
		{8B50AA4C-21B1-4E7A-8108-FF47CA47FC10}.Debug|x64.ActiveCfg = Debug|Any CPU
		{8B50AA4C-21B1-4E7A-8108-FF47CA47FC10}.Debug|x64.Build.0 = Debug|Any CPU
		{8B50AA4C-21B1-4E7A-8108-FF47CA47FC10}.Debug|x64.Deploy.0 = Debug|Any CPU
		{8B50AA4C-21B1-4E7A-8108-FF47CA47FC10}.Debug|x86.ActiveCfg = Debug|Any CPU
		{8B50AA4C-21B1-4E7A-8108-FF47CA47FC10}.Debug|x86.Build.0 = Debug|Any CPU
		{8B50AA4C-21B1-4E7A-8108-FF47CA47FC10}.Debug|x86.Deploy.0 = Debug|Any CPU
		{8B50AA4C-21B1-4E7A-8108-FF47CA47FC10}.Release|Any CPU.ActiveCfg = Release|Any CPU
		{8B50AA4C-21B1-4E7A-8108-FF47CA47FC10}.Release|Any CPU.Build.0 = Release|Any CPU
		{8B50AA4C-21B1-4E7A-8108-FF47CA47FC10}.Release|Any CPU.Deploy.0 = Release|Any CPU
		{8B50AA4C-21B1-4E7A-8108-FF47CA47FC10}.Release|ARM.ActiveCfg = Release|Any CPU
		{8B50AA4C-21B1-4E7A-8108-FF47CA47FC10}.Release|ARM.Build.0 = Release|Any CPU
		{8B50AA4C-21B1-4E7A-8108-FF47CA47FC10}.Release|ARM.Deploy.0 = Release|Any CPU
		{8B50AA4C-21B1-4E7A-8108-FF47CA47FC10}.Release|iPhone.ActiveCfg = Release|Any CPU
		{8B50AA4C-21B1-4E7A-8108-FF47CA47FC10}.Release|iPhone.Build.0 = Release|Any CPU
		{8B50AA4C-21B1-4E7A-8108-FF47CA47FC10}.Release|iPhone.Deploy.0 = Release|Any CPU
		{8B50AA4C-21B1-4E7A-8108-FF47CA47FC10}.Release|iPhoneSimulator.ActiveCfg = Release|Any CPU
		{8B50AA4C-21B1-4E7A-8108-FF47CA47FC10}.Release|iPhoneSimulator.Build.0 = Release|Any CPU
		{8B50AA4C-21B1-4E7A-8108-FF47CA47FC10}.Release|iPhoneSimulator.Deploy.0 = Release|Any CPU
		{8B50AA4C-21B1-4E7A-8108-FF47CA47FC10}.Release|x64.ActiveCfg = Release|Any CPU
		{8B50AA4C-21B1-4E7A-8108-FF47CA47FC10}.Release|x64.Build.0 = Release|Any CPU
		{8B50AA4C-21B1-4E7A-8108-FF47CA47FC10}.Release|x64.Deploy.0 = Release|Any CPU
		{8B50AA4C-21B1-4E7A-8108-FF47CA47FC10}.Release|x86.ActiveCfg = Release|Any CPU
		{8B50AA4C-21B1-4E7A-8108-FF47CA47FC10}.Release|x86.Build.0 = Release|Any CPU
		{8B50AA4C-21B1-4E7A-8108-FF47CA47FC10}.Release|x86.Deploy.0 = Release|Any CPU
		{09A00F00-D81D-490A-ABF2-DA483A5A8890}.Ad-Hoc|Any CPU.ActiveCfg = Ad-Hoc|iPhone
		{09A00F00-D81D-490A-ABF2-DA483A5A8890}.Ad-Hoc|Any CPU.Build.0 = Ad-Hoc|iPhone
		{09A00F00-D81D-490A-ABF2-DA483A5A8890}.Ad-Hoc|Any CPU.Deploy.0 = Ad-Hoc|iPhone
		{09A00F00-D81D-490A-ABF2-DA483A5A8890}.Ad-Hoc|ARM.ActiveCfg = Ad-Hoc|iPhone
		{09A00F00-D81D-490A-ABF2-DA483A5A8890}.Ad-Hoc|ARM.Build.0 = Ad-Hoc|iPhone
		{09A00F00-D81D-490A-ABF2-DA483A5A8890}.Ad-Hoc|ARM.Deploy.0 = Ad-Hoc|iPhone
		{09A00F00-D81D-490A-ABF2-DA483A5A8890}.Ad-Hoc|iPhone.ActiveCfg = Ad-Hoc|iPhone
		{09A00F00-D81D-490A-ABF2-DA483A5A8890}.Ad-Hoc|iPhone.Build.0 = Ad-Hoc|iPhone
		{09A00F00-D81D-490A-ABF2-DA483A5A8890}.Ad-Hoc|iPhone.Deploy.0 = Ad-Hoc|iPhone
		{09A00F00-D81D-490A-ABF2-DA483A5A8890}.Ad-Hoc|iPhoneSimulator.ActiveCfg = Ad-Hoc|iPhoneSimulator
		{09A00F00-D81D-490A-ABF2-DA483A5A8890}.Ad-Hoc|iPhoneSimulator.Build.0 = Ad-Hoc|iPhoneSimulator
		{09A00F00-D81D-490A-ABF2-DA483A5A8890}.Ad-Hoc|iPhoneSimulator.Deploy.0 = Ad-Hoc|iPhoneSimulator
		{09A00F00-D81D-490A-ABF2-DA483A5A8890}.Ad-Hoc|x64.ActiveCfg = Ad-Hoc|iPhone
		{09A00F00-D81D-490A-ABF2-DA483A5A8890}.Ad-Hoc|x64.Build.0 = Ad-Hoc|iPhone
		{09A00F00-D81D-490A-ABF2-DA483A5A8890}.Ad-Hoc|x64.Deploy.0 = Ad-Hoc|iPhone
		{09A00F00-D81D-490A-ABF2-DA483A5A8890}.Ad-Hoc|x86.ActiveCfg = Ad-Hoc|iPhone
		{09A00F00-D81D-490A-ABF2-DA483A5A8890}.Ad-Hoc|x86.Build.0 = Ad-Hoc|iPhone
		{09A00F00-D81D-490A-ABF2-DA483A5A8890}.Ad-Hoc|x86.Deploy.0 = Ad-Hoc|iPhone
		{09A00F00-D81D-490A-ABF2-DA483A5A8890}.AppStore|Any CPU.ActiveCfg = AppStore|iPhone
		{09A00F00-D81D-490A-ABF2-DA483A5A8890}.AppStore|Any CPU.Build.0 = AppStore|iPhone
		{09A00F00-D81D-490A-ABF2-DA483A5A8890}.AppStore|Any CPU.Deploy.0 = AppStore|iPhone
		{09A00F00-D81D-490A-ABF2-DA483A5A8890}.AppStore|ARM.ActiveCfg = AppStore|iPhone
		{09A00F00-D81D-490A-ABF2-DA483A5A8890}.AppStore|ARM.Build.0 = AppStore|iPhone
		{09A00F00-D81D-490A-ABF2-DA483A5A8890}.AppStore|ARM.Deploy.0 = AppStore|iPhone
		{09A00F00-D81D-490A-ABF2-DA483A5A8890}.AppStore|iPhone.ActiveCfg = AppStore|iPhone
		{09A00F00-D81D-490A-ABF2-DA483A5A8890}.AppStore|iPhone.Build.0 = AppStore|iPhone
		{09A00F00-D81D-490A-ABF2-DA483A5A8890}.AppStore|iPhone.Deploy.0 = AppStore|iPhone
		{09A00F00-D81D-490A-ABF2-DA483A5A8890}.AppStore|iPhoneSimulator.ActiveCfg = AppStore|iPhoneSimulator
		{09A00F00-D81D-490A-ABF2-DA483A5A8890}.AppStore|iPhoneSimulator.Build.0 = AppStore|iPhoneSimulator
		{09A00F00-D81D-490A-ABF2-DA483A5A8890}.AppStore|iPhoneSimulator.Deploy.0 = AppStore|iPhoneSimulator
		{09A00F00-D81D-490A-ABF2-DA483A5A8890}.AppStore|x64.ActiveCfg = AppStore|iPhone
		{09A00F00-D81D-490A-ABF2-DA483A5A8890}.AppStore|x64.Build.0 = AppStore|iPhone
		{09A00F00-D81D-490A-ABF2-DA483A5A8890}.AppStore|x64.Deploy.0 = AppStore|iPhone
		{09A00F00-D81D-490A-ABF2-DA483A5A8890}.AppStore|x86.ActiveCfg = AppStore|iPhone
		{09A00F00-D81D-490A-ABF2-DA483A5A8890}.AppStore|x86.Build.0 = AppStore|iPhone
		{09A00F00-D81D-490A-ABF2-DA483A5A8890}.AppStore|x86.Deploy.0 = AppStore|iPhone
		{09A00F00-D81D-490A-ABF2-DA483A5A8890}.Debug|Any CPU.ActiveCfg = Debug|iPhoneSimulator
		{09A00F00-D81D-490A-ABF2-DA483A5A8890}.Debug|Any CPU.Build.0 = Debug|iPhoneSimulator
		{09A00F00-D81D-490A-ABF2-DA483A5A8890}.Debug|Any CPU.Deploy.0 = Debug|iPhoneSimulator
		{09A00F00-D81D-490A-ABF2-DA483A5A8890}.Debug|ARM.ActiveCfg = Debug|iPhone
		{09A00F00-D81D-490A-ABF2-DA483A5A8890}.Debug|ARM.Build.0 = Debug|iPhone
		{09A00F00-D81D-490A-ABF2-DA483A5A8890}.Debug|ARM.Deploy.0 = Debug|iPhone
		{09A00F00-D81D-490A-ABF2-DA483A5A8890}.Debug|iPhone.ActiveCfg = Debug|iPhone
		{09A00F00-D81D-490A-ABF2-DA483A5A8890}.Debug|iPhone.Build.0 = Debug|iPhone
		{09A00F00-D81D-490A-ABF2-DA483A5A8890}.Debug|iPhone.Deploy.0 = Debug|iPhone
		{09A00F00-D81D-490A-ABF2-DA483A5A8890}.Debug|iPhoneSimulator.ActiveCfg = Debug|iPhoneSimulator
		{09A00F00-D81D-490A-ABF2-DA483A5A8890}.Debug|iPhoneSimulator.Build.0 = Debug|iPhoneSimulator
		{09A00F00-D81D-490A-ABF2-DA483A5A8890}.Debug|iPhoneSimulator.Deploy.0 = Debug|iPhoneSimulator
		{09A00F00-D81D-490A-ABF2-DA483A5A8890}.Debug|x64.ActiveCfg = Debug|iPhone
		{09A00F00-D81D-490A-ABF2-DA483A5A8890}.Debug|x64.Build.0 = Debug|iPhone
		{09A00F00-D81D-490A-ABF2-DA483A5A8890}.Debug|x64.Deploy.0 = Debug|iPhone
		{09A00F00-D81D-490A-ABF2-DA483A5A8890}.Debug|x86.ActiveCfg = Debug|iPhone
		{09A00F00-D81D-490A-ABF2-DA483A5A8890}.Debug|x86.Build.0 = Debug|iPhone
		{09A00F00-D81D-490A-ABF2-DA483A5A8890}.Debug|x86.Deploy.0 = Debug|iPhone
		{09A00F00-D81D-490A-ABF2-DA483A5A8890}.Release|Any CPU.ActiveCfg = Release|iPhone
		{09A00F00-D81D-490A-ABF2-DA483A5A8890}.Release|Any CPU.Build.0 = Release|iPhone
		{09A00F00-D81D-490A-ABF2-DA483A5A8890}.Release|Any CPU.Deploy.0 = Release|iPhone
		{09A00F00-D81D-490A-ABF2-DA483A5A8890}.Release|ARM.ActiveCfg = Release|iPhone
		{09A00F00-D81D-490A-ABF2-DA483A5A8890}.Release|ARM.Build.0 = Release|iPhone
		{09A00F00-D81D-490A-ABF2-DA483A5A8890}.Release|ARM.Deploy.0 = Release|iPhone
		{09A00F00-D81D-490A-ABF2-DA483A5A8890}.Release|iPhone.ActiveCfg = Release|iPhone
		{09A00F00-D81D-490A-ABF2-DA483A5A8890}.Release|iPhone.Build.0 = Release|iPhone
		{09A00F00-D81D-490A-ABF2-DA483A5A8890}.Release|iPhone.Deploy.0 = Release|iPhone
		{09A00F00-D81D-490A-ABF2-DA483A5A8890}.Release|iPhoneSimulator.ActiveCfg = Release|iPhoneSimulator
		{09A00F00-D81D-490A-ABF2-DA483A5A8890}.Release|iPhoneSimulator.Build.0 = Release|iPhoneSimulator
		{09A00F00-D81D-490A-ABF2-DA483A5A8890}.Release|iPhoneSimulator.Deploy.0 = Release|iPhoneSimulator
		{09A00F00-D81D-490A-ABF2-DA483A5A8890}.Release|x64.ActiveCfg = Release|iPhone
		{09A00F00-D81D-490A-ABF2-DA483A5A8890}.Release|x64.Build.0 = Release|iPhone
		{09A00F00-D81D-490A-ABF2-DA483A5A8890}.Release|x64.Deploy.0 = Release|iPhone
		{09A00F00-D81D-490A-ABF2-DA483A5A8890}.Release|x86.ActiveCfg = Release|iPhone
		{09A00F00-D81D-490A-ABF2-DA483A5A8890}.Release|x86.Build.0 = Release|iPhone
		{09A00F00-D81D-490A-ABF2-DA483A5A8890}.Release|x86.Deploy.0 = Release|iPhone
		{BD12A2DD-B923-44DE-B20F-194A42B5DFD0}.Ad-Hoc|Any CPU.ActiveCfg = Release|x86
		{BD12A2DD-B923-44DE-B20F-194A42B5DFD0}.Ad-Hoc|Any CPU.Build.0 = Release|x86
		{BD12A2DD-B923-44DE-B20F-194A42B5DFD0}.Ad-Hoc|Any CPU.Deploy.0 = Release|x86
		{BD12A2DD-B923-44DE-B20F-194A42B5DFD0}.Ad-Hoc|ARM.ActiveCfg = Release|ARM
		{BD12A2DD-B923-44DE-B20F-194A42B5DFD0}.Ad-Hoc|ARM.Build.0 = Release|ARM
		{BD12A2DD-B923-44DE-B20F-194A42B5DFD0}.Ad-Hoc|ARM.Deploy.0 = Release|ARM
		{BD12A2DD-B923-44DE-B20F-194A42B5DFD0}.Ad-Hoc|iPhone.ActiveCfg = Release|x86
		{BD12A2DD-B923-44DE-B20F-194A42B5DFD0}.Ad-Hoc|iPhone.Build.0 = Release|x86
		{BD12A2DD-B923-44DE-B20F-194A42B5DFD0}.Ad-Hoc|iPhone.Deploy.0 = Release|x86
		{BD12A2DD-B923-44DE-B20F-194A42B5DFD0}.Ad-Hoc|iPhoneSimulator.ActiveCfg = Release|x86
		{BD12A2DD-B923-44DE-B20F-194A42B5DFD0}.Ad-Hoc|iPhoneSimulator.Build.0 = Release|x86
		{BD12A2DD-B923-44DE-B20F-194A42B5DFD0}.Ad-Hoc|iPhoneSimulator.Deploy.0 = Release|x86
		{BD12A2DD-B923-44DE-B20F-194A42B5DFD0}.Ad-Hoc|x64.ActiveCfg = Release|x64
		{BD12A2DD-B923-44DE-B20F-194A42B5DFD0}.Ad-Hoc|x64.Build.0 = Release|x64
		{BD12A2DD-B923-44DE-B20F-194A42B5DFD0}.Ad-Hoc|x64.Deploy.0 = Release|x64
		{BD12A2DD-B923-44DE-B20F-194A42B5DFD0}.Ad-Hoc|x86.ActiveCfg = Release|x86
		{BD12A2DD-B923-44DE-B20F-194A42B5DFD0}.Ad-Hoc|x86.Build.0 = Release|x86
		{BD12A2DD-B923-44DE-B20F-194A42B5DFD0}.Ad-Hoc|x86.Deploy.0 = Release|x86
		{BD12A2DD-B923-44DE-B20F-194A42B5DFD0}.AppStore|Any CPU.ActiveCfg = Release|x86
		{BD12A2DD-B923-44DE-B20F-194A42B5DFD0}.AppStore|Any CPU.Build.0 = Release|x86
		{BD12A2DD-B923-44DE-B20F-194A42B5DFD0}.AppStore|Any CPU.Deploy.0 = Release|x86
		{BD12A2DD-B923-44DE-B20F-194A42B5DFD0}.AppStore|ARM.ActiveCfg = Release|ARM
		{BD12A2DD-B923-44DE-B20F-194A42B5DFD0}.AppStore|ARM.Build.0 = Release|ARM
		{BD12A2DD-B923-44DE-B20F-194A42B5DFD0}.AppStore|ARM.Deploy.0 = Release|ARM
		{BD12A2DD-B923-44DE-B20F-194A42B5DFD0}.AppStore|iPhone.ActiveCfg = Release|x86
		{BD12A2DD-B923-44DE-B20F-194A42B5DFD0}.AppStore|iPhone.Build.0 = Release|x86
		{BD12A2DD-B923-44DE-B20F-194A42B5DFD0}.AppStore|iPhone.Deploy.0 = Release|x86
		{BD12A2DD-B923-44DE-B20F-194A42B5DFD0}.AppStore|iPhoneSimulator.ActiveCfg = Release|x86
		{BD12A2DD-B923-44DE-B20F-194A42B5DFD0}.AppStore|iPhoneSimulator.Build.0 = Release|x86
		{BD12A2DD-B923-44DE-B20F-194A42B5DFD0}.AppStore|iPhoneSimulator.Deploy.0 = Release|x86
		{BD12A2DD-B923-44DE-B20F-194A42B5DFD0}.AppStore|x64.ActiveCfg = Release|x64
		{BD12A2DD-B923-44DE-B20F-194A42B5DFD0}.AppStore|x64.Build.0 = Release|x64
		{BD12A2DD-B923-44DE-B20F-194A42B5DFD0}.AppStore|x64.Deploy.0 = Release|x64
		{BD12A2DD-B923-44DE-B20F-194A42B5DFD0}.AppStore|x86.ActiveCfg = Release|x86
		{BD12A2DD-B923-44DE-B20F-194A42B5DFD0}.AppStore|x86.Build.0 = Release|x86
		{BD12A2DD-B923-44DE-B20F-194A42B5DFD0}.AppStore|x86.Deploy.0 = Release|x86
		{BD12A2DD-B923-44DE-B20F-194A42B5DFD0}.Debug|Any CPU.ActiveCfg = Debug|x86
		{BD12A2DD-B923-44DE-B20F-194A42B5DFD0}.Debug|Any CPU.Build.0 = Debug|x86
		{BD12A2DD-B923-44DE-B20F-194A42B5DFD0}.Debug|Any CPU.Deploy.0 = Debug|x86
		{BD12A2DD-B923-44DE-B20F-194A42B5DFD0}.Debug|ARM.ActiveCfg = Debug|ARM
		{BD12A2DD-B923-44DE-B20F-194A42B5DFD0}.Debug|ARM.Build.0 = Debug|ARM
		{BD12A2DD-B923-44DE-B20F-194A42B5DFD0}.Debug|ARM.Deploy.0 = Debug|ARM
		{BD12A2DD-B923-44DE-B20F-194A42B5DFD0}.Debug|iPhone.ActiveCfg = Debug|x86
		{BD12A2DD-B923-44DE-B20F-194A42B5DFD0}.Debug|iPhone.Build.0 = Debug|x86
		{BD12A2DD-B923-44DE-B20F-194A42B5DFD0}.Debug|iPhone.Deploy.0 = Debug|x86
		{BD12A2DD-B923-44DE-B20F-194A42B5DFD0}.Debug|iPhoneSimulator.ActiveCfg = Debug|x86
		{BD12A2DD-B923-44DE-B20F-194A42B5DFD0}.Debug|iPhoneSimulator.Build.0 = Debug|x86
		{BD12A2DD-B923-44DE-B20F-194A42B5DFD0}.Debug|iPhoneSimulator.Deploy.0 = Debug|x86
		{BD12A2DD-B923-44DE-B20F-194A42B5DFD0}.Debug|x64.ActiveCfg = Debug|x64
		{BD12A2DD-B923-44DE-B20F-194A42B5DFD0}.Debug|x64.Build.0 = Debug|x64
		{BD12A2DD-B923-44DE-B20F-194A42B5DFD0}.Debug|x64.Deploy.0 = Debug|x64
		{BD12A2DD-B923-44DE-B20F-194A42B5DFD0}.Debug|x86.ActiveCfg = Debug|x86
		{BD12A2DD-B923-44DE-B20F-194A42B5DFD0}.Debug|x86.Build.0 = Debug|x86
		{BD12A2DD-B923-44DE-B20F-194A42B5DFD0}.Debug|x86.Deploy.0 = Debug|x86
		{BD12A2DD-B923-44DE-B20F-194A42B5DFD0}.Release|Any CPU.ActiveCfg = Release|x86
		{BD12A2DD-B923-44DE-B20F-194A42B5DFD0}.Release|Any CPU.Build.0 = Release|x86
		{BD12A2DD-B923-44DE-B20F-194A42B5DFD0}.Release|Any CPU.Deploy.0 = Release|x86
		{BD12A2DD-B923-44DE-B20F-194A42B5DFD0}.Release|ARM.ActiveCfg = Release|ARM
		{BD12A2DD-B923-44DE-B20F-194A42B5DFD0}.Release|ARM.Build.0 = Release|ARM
		{BD12A2DD-B923-44DE-B20F-194A42B5DFD0}.Release|ARM.Deploy.0 = Release|ARM
		{BD12A2DD-B923-44DE-B20F-194A42B5DFD0}.Release|iPhone.ActiveCfg = Release|x86
		{BD12A2DD-B923-44DE-B20F-194A42B5DFD0}.Release|iPhone.Build.0 = Release|x86
		{BD12A2DD-B923-44DE-B20F-194A42B5DFD0}.Release|iPhone.Deploy.0 = Release|x86
		{BD12A2DD-B923-44DE-B20F-194A42B5DFD0}.Release|iPhoneSimulator.ActiveCfg = Release|x86
		{BD12A2DD-B923-44DE-B20F-194A42B5DFD0}.Release|iPhoneSimulator.Build.0 = Release|x86
		{BD12A2DD-B923-44DE-B20F-194A42B5DFD0}.Release|iPhoneSimulator.Deploy.0 = Release|x86
		{BD12A2DD-B923-44DE-B20F-194A42B5DFD0}.Release|x64.ActiveCfg = Release|x64
		{BD12A2DD-B923-44DE-B20F-194A42B5DFD0}.Release|x64.Build.0 = Release|x64
		{BD12A2DD-B923-44DE-B20F-194A42B5DFD0}.Release|x64.Deploy.0 = Release|x64
		{BD12A2DD-B923-44DE-B20F-194A42B5DFD0}.Release|x86.ActiveCfg = Release|x86
		{BD12A2DD-B923-44DE-B20F-194A42B5DFD0}.Release|x86.Build.0 = Release|x86
		{BD12A2DD-B923-44DE-B20F-194A42B5DFD0}.Release|x86.Deploy.0 = Release|x86
		{E64F4310-A729-436A-8894-8B332CA3DA09}.Ad-Hoc|Any CPU.ActiveCfg = Debug|Any CPU
		{E64F4310-A729-436A-8894-8B332CA3DA09}.Ad-Hoc|Any CPU.Build.0 = Debug|Any CPU
		{E64F4310-A729-436A-8894-8B332CA3DA09}.Ad-Hoc|Any CPU.Deploy.0 = Debug|Any CPU
		{E64F4310-A729-436A-8894-8B332CA3DA09}.Ad-Hoc|ARM.ActiveCfg = Debug|Any CPU
		{E64F4310-A729-436A-8894-8B332CA3DA09}.Ad-Hoc|ARM.Build.0 = Debug|Any CPU
		{E64F4310-A729-436A-8894-8B332CA3DA09}.Ad-Hoc|ARM.Deploy.0 = Debug|Any CPU
		{E64F4310-A729-436A-8894-8B332CA3DA09}.Ad-Hoc|iPhone.ActiveCfg = Debug|Any CPU
		{E64F4310-A729-436A-8894-8B332CA3DA09}.Ad-Hoc|iPhone.Build.0 = Debug|Any CPU
		{E64F4310-A729-436A-8894-8B332CA3DA09}.Ad-Hoc|iPhone.Deploy.0 = Debug|Any CPU
		{E64F4310-A729-436A-8894-8B332CA3DA09}.Ad-Hoc|iPhoneSimulator.ActiveCfg = Debug|Any CPU
		{E64F4310-A729-436A-8894-8B332CA3DA09}.Ad-Hoc|iPhoneSimulator.Build.0 = Debug|Any CPU
		{E64F4310-A729-436A-8894-8B332CA3DA09}.Ad-Hoc|iPhoneSimulator.Deploy.0 = Debug|Any CPU
		{E64F4310-A729-436A-8894-8B332CA3DA09}.Ad-Hoc|x64.ActiveCfg = Debug|Any CPU
		{E64F4310-A729-436A-8894-8B332CA3DA09}.Ad-Hoc|x64.Build.0 = Debug|Any CPU
		{E64F4310-A729-436A-8894-8B332CA3DA09}.Ad-Hoc|x64.Deploy.0 = Debug|Any CPU
		{E64F4310-A729-436A-8894-8B332CA3DA09}.Ad-Hoc|x86.ActiveCfg = Debug|Any CPU
		{E64F4310-A729-436A-8894-8B332CA3DA09}.Ad-Hoc|x86.Build.0 = Debug|Any CPU
		{E64F4310-A729-436A-8894-8B332CA3DA09}.Ad-Hoc|x86.Deploy.0 = Debug|Any CPU
		{E64F4310-A729-436A-8894-8B332CA3DA09}.AppStore|Any CPU.ActiveCfg = Debug|Any CPU
		{E64F4310-A729-436A-8894-8B332CA3DA09}.AppStore|Any CPU.Build.0 = Debug|Any CPU
		{E64F4310-A729-436A-8894-8B332CA3DA09}.AppStore|Any CPU.Deploy.0 = Debug|Any CPU
		{E64F4310-A729-436A-8894-8B332CA3DA09}.AppStore|ARM.ActiveCfg = Debug|Any CPU
		{E64F4310-A729-436A-8894-8B332CA3DA09}.AppStore|ARM.Build.0 = Debug|Any CPU
		{E64F4310-A729-436A-8894-8B332CA3DA09}.AppStore|ARM.Deploy.0 = Debug|Any CPU
		{E64F4310-A729-436A-8894-8B332CA3DA09}.AppStore|iPhone.ActiveCfg = Debug|Any CPU
		{E64F4310-A729-436A-8894-8B332CA3DA09}.AppStore|iPhone.Build.0 = Debug|Any CPU
		{E64F4310-A729-436A-8894-8B332CA3DA09}.AppStore|iPhone.Deploy.0 = Debug|Any CPU
		{E64F4310-A729-436A-8894-8B332CA3DA09}.AppStore|iPhoneSimulator.ActiveCfg = Debug|Any CPU
		{E64F4310-A729-436A-8894-8B332CA3DA09}.AppStore|iPhoneSimulator.Build.0 = Debug|Any CPU
		{E64F4310-A729-436A-8894-8B332CA3DA09}.AppStore|iPhoneSimulator.Deploy.0 = Debug|Any CPU
		{E64F4310-A729-436A-8894-8B332CA3DA09}.AppStore|x64.ActiveCfg = Debug|Any CPU
		{E64F4310-A729-436A-8894-8B332CA3DA09}.AppStore|x64.Build.0 = Debug|Any CPU
		{E64F4310-A729-436A-8894-8B332CA3DA09}.AppStore|x64.Deploy.0 = Debug|Any CPU
		{E64F4310-A729-436A-8894-8B332CA3DA09}.AppStore|x86.ActiveCfg = Debug|Any CPU
		{E64F4310-A729-436A-8894-8B332CA3DA09}.AppStore|x86.Build.0 = Debug|Any CPU
		{E64F4310-A729-436A-8894-8B332CA3DA09}.AppStore|x86.Deploy.0 = Debug|Any CPU
		{E64F4310-A729-436A-8894-8B332CA3DA09}.Debug|Any CPU.ActiveCfg = Debug|Any CPU
		{E64F4310-A729-436A-8894-8B332CA3DA09}.Debug|Any CPU.Build.0 = Debug|Any CPU
		{E64F4310-A729-436A-8894-8B332CA3DA09}.Debug|Any CPU.Deploy.0 = Debug|Any CPU
		{E64F4310-A729-436A-8894-8B332CA3DA09}.Debug|ARM.ActiveCfg = Debug|Any CPU
		{E64F4310-A729-436A-8894-8B332CA3DA09}.Debug|ARM.Build.0 = Debug|Any CPU
		{E64F4310-A729-436A-8894-8B332CA3DA09}.Debug|ARM.Deploy.0 = Debug|Any CPU
		{E64F4310-A729-436A-8894-8B332CA3DA09}.Debug|iPhone.ActiveCfg = Debug|Any CPU
		{E64F4310-A729-436A-8894-8B332CA3DA09}.Debug|iPhone.Build.0 = Debug|Any CPU
		{E64F4310-A729-436A-8894-8B332CA3DA09}.Debug|iPhone.Deploy.0 = Debug|Any CPU
		{E64F4310-A729-436A-8894-8B332CA3DA09}.Debug|iPhoneSimulator.ActiveCfg = Debug|Any CPU
		{E64F4310-A729-436A-8894-8B332CA3DA09}.Debug|iPhoneSimulator.Build.0 = Debug|Any CPU
		{E64F4310-A729-436A-8894-8B332CA3DA09}.Debug|iPhoneSimulator.Deploy.0 = Debug|Any CPU
		{E64F4310-A729-436A-8894-8B332CA3DA09}.Debug|x64.ActiveCfg = Debug|Any CPU
		{E64F4310-A729-436A-8894-8B332CA3DA09}.Debug|x64.Build.0 = Debug|Any CPU
		{E64F4310-A729-436A-8894-8B332CA3DA09}.Debug|x64.Deploy.0 = Debug|Any CPU
		{E64F4310-A729-436A-8894-8B332CA3DA09}.Debug|x86.ActiveCfg = Debug|Any CPU
		{E64F4310-A729-436A-8894-8B332CA3DA09}.Debug|x86.Build.0 = Debug|Any CPU
		{E64F4310-A729-436A-8894-8B332CA3DA09}.Debug|x86.Deploy.0 = Debug|Any CPU
		{E64F4310-A729-436A-8894-8B332CA3DA09}.Release|Any CPU.ActiveCfg = Release|Any CPU
		{E64F4310-A729-436A-8894-8B332CA3DA09}.Release|Any CPU.Build.0 = Release|Any CPU
		{E64F4310-A729-436A-8894-8B332CA3DA09}.Release|Any CPU.Deploy.0 = Release|Any CPU
		{E64F4310-A729-436A-8894-8B332CA3DA09}.Release|ARM.ActiveCfg = Release|Any CPU
		{E64F4310-A729-436A-8894-8B332CA3DA09}.Release|ARM.Build.0 = Release|Any CPU
		{E64F4310-A729-436A-8894-8B332CA3DA09}.Release|ARM.Deploy.0 = Release|Any CPU
		{E64F4310-A729-436A-8894-8B332CA3DA09}.Release|iPhone.ActiveCfg = Release|Any CPU
		{E64F4310-A729-436A-8894-8B332CA3DA09}.Release|iPhone.Build.0 = Release|Any CPU
		{E64F4310-A729-436A-8894-8B332CA3DA09}.Release|iPhone.Deploy.0 = Release|Any CPU
		{E64F4310-A729-436A-8894-8B332CA3DA09}.Release|iPhoneSimulator.ActiveCfg = Release|Any CPU
		{E64F4310-A729-436A-8894-8B332CA3DA09}.Release|iPhoneSimulator.Build.0 = Release|Any CPU
		{E64F4310-A729-436A-8894-8B332CA3DA09}.Release|iPhoneSimulator.Deploy.0 = Release|Any CPU
		{E64F4310-A729-436A-8894-8B332CA3DA09}.Release|x64.ActiveCfg = Release|Any CPU
		{E64F4310-A729-436A-8894-8B332CA3DA09}.Release|x64.Build.0 = Release|Any CPU
		{E64F4310-A729-436A-8894-8B332CA3DA09}.Release|x64.Deploy.0 = Release|Any CPU
		{E64F4310-A729-436A-8894-8B332CA3DA09}.Release|x86.ActiveCfg = Release|Any CPU
		{E64F4310-A729-436A-8894-8B332CA3DA09}.Release|x86.Build.0 = Release|Any CPU
		{E64F4310-A729-436A-8894-8B332CA3DA09}.Release|x86.Deploy.0 = Release|Any CPU
	EndGlobalSection
	GlobalSection(SolutionProperties) = preSolution
		HideSolutionNode = FALSE
	EndGlobalSection
	GlobalSection(ExtensibilityGlobals) = postSolution
		SolutionGuid = {A0820AA0-65F9-4D6A-884B-04FF7ED843F7}
	EndGlobalSection
EndGlobal
